
Microsoft Visual Studio Solution File, Format Version 12.00
# Visual Studio Version 17
VisualStudioVersion = 17.9.34723.18
MinimumVisualStudioVersion = 10.0.40219.1
Project("{FAE04EC0-301F-11D3-BF4B-00C04F79EFBC}") = "kakaoInfa", "kakaoInfa\kakaoInfa.csproj", "{2543A4BB-9777-4AC7-973D-C74B24E00C06}"
EndProject
Global
	GlobalSection(SolutionConfigurationPlatforms) = preSolution
		Debug|Any CPU = Debug|Any CPU
		Release|Any CPU = Release|Any CPU
	EndGlobalSection
	GlobalSection(ProjectConfigurationPlatforms) = postSolution
		{2543A4BB-9777-4AC7-973D-C74B24E00C06}.Debug|Any CPU.ActiveCfg = Debug|Any CPU
		{2543A4BB-9777-4AC7-973D-C74B24E00C06}.Debug|Any CPU.Build.0 = Debug|Any CPU
		{2543A4BB-9777-4AC7-973D-C74B24E00C06}.Release|Any CPU.ActiveCfg = Release|Any CPU
		{2543A4BB-9777-4AC7-973D-C74B24E00C06}.Release|Any CPU.Build.0 = Release|Any CPU
	EndGlobalSection
	GlobalSection(SolutionProperties) = preSolution
		HideSolutionNode = FALSE
	EndGlobalSection
	GlobalSection(ExtensibilityGlobals) = postSolution
		SolutionGuid = {E589AE66-7017-460F-A80F-F3387816B901}
	EndGlobalSection
EndGlobal
